
Microsoft Visual Studio Solution File, Format Version 12.00
# Visual Studio Version 17
VisualStudioVersion = 17.5.33627.172
MinimumVisualStudioVersion = 10.0.40219.1
Project("{FAE04EC0-301F-11D3-BF4B-00C04F79EFBC}") = "ConsoleApp31", "ConsoleApp31\ConsoleApp31.csproj", "{EB08C025-D8DC-4E19-B2F9-C874E0B3AD7A}"
EndProject
Global
	GlobalSection(SolutionConfigurationPlatforms) = preSolution
		Debug|Any CPU = Debug|Any CPU
		Release|Any CPU = Release|Any CPU
	EndGlobalSection
	GlobalSection(ProjectConfigurationPlatforms) = postSolution
		{EB08C025-D8DC-4E19-B2F9-C874E0B3AD7A}.Debug|Any CPU.ActiveCfg = Debug|Any CPU
		{EB08C025-D8DC-4E19-B2F9-C874E0B3AD7A}.Debug|Any CPU.Build.0 = Debug|Any CPU
		{EB08C025-D8DC-4E19-B2F9-C874E0B3AD7A}.Release|Any CPU.ActiveCfg = Release|Any CPU
		{EB08C025-D8DC-4E19-B2F9-C874E0B3AD7A}.Release|Any CPU.Build.0 = Release|Any CPU
	EndGlobalSection
	GlobalSection(SolutionProperties) = preSolution
		HideSolutionNode = FALSE
	EndGlobalSection
	GlobalSection(ExtensibilityGlobals) = postSolution
		SolutionGuid = {506861EB-567D-49FE-8F93-A76C9E7EA0A7}
	EndGlobalSection
EndGlobal
